{
  "name": "@type-craft/root",
  "version": "0.0.1",
  "lockfileVersion": 2,
  "requires": true,
  "packages": {
    "": {
      "name": "@type-craft/root",
      "version": "0.0.1",
      "license": "ISC",
      "workspaces": [
        "core",
        "source-craft",
        "type-definitions"
      ]
    }
  }
}
